{
  "requires": true,
  "lockfileVersion": 1,
  "dependencies": {
    "@angular/language-service": {
      "version": "8.2.14",
      "resolved": "https://registry.npmjs.org/@angular/language-service/-/language-service-8.2.14.tgz",
      "integrity": "sha512-7EhN9JJbAJcH2xCa+rIOmekjiEuB0qwPdHuD5qn/wwMfRzMZo+Db4hHbR9KHrLH6H82PTwYKye/LLpDaZqoHOA=="
    },
    "jquery": {
      "version": "3.4.1",
      "resolved": "https://registry.npmjs.org/jquery/-/jquery-3.4.1.tgz",
      "integrity": "sha512-36+AdBzCL+y6qjw5Tx7HgzeGCzC81MDDgaUP8ld2zhx58HdqXGoBd+tHdrBMiyjGQs0Hxs/MLZTu/eHNJJuWPw=="
    },
    "popper.js": {
      "version": "1.16.0",
      "resolved": "https://registry.npmjs.org/popper.js/-/popper.js-1.16.0.tgz",
      "integrity": "sha512-+G+EkOPoE5S/zChTpmBSSDYmhXJ5PsW8eMhH8cP/CQHMFPBG/kC9Y5IIw6qNYgdJ+/COf0ddY2li28iHaZRSjw=="
    }
  }
}
